
Microsoft Visual Studio Solution File, Format Version 12.00
# Visual Studio Version 17
VisualStudioVersion = 17.8.34330.188
MinimumVisualStudioVersion = 10.0.40219.1
Project("{FAE04EC0-301F-11D3-BF4B-00C04F79EFBC}") = "Core", "Core\Core.csproj", "{97DF5874-3132-4770-92D7-732BD414F388}"
EndProject
Project("{FAE04EC0-301F-11D3-BF4B-00C04F79EFBC}") = "Execute", "Execute\Execute.csproj", "{39203EE0-85BD-4FF6-B06B-7038A1936E3D}"
EndProject
Global
	GlobalSection(SolutionConfigurationPlatforms) = preSolution
		Debug|Any CPU = Debug|Any CPU
		Release|Any CPU = Release|Any CPU
	EndGlobalSection
	GlobalSection(ProjectConfigurationPlatforms) = postSolution
		{97DF5874-3132-4770-92D7-732BD414F388}.Debug|Any CPU.ActiveCfg = Debug|Any CPU
		{97DF5874-3132-4770-92D7-732BD414F388}.Debug|Any CPU.Build.0 = Debug|Any CPU
		{97DF5874-3132-4770-92D7-732BD414F388}.Release|Any CPU.ActiveCfg = Release|Any CPU
		{97DF5874-3132-4770-92D7-732BD414F388}.Release|Any CPU.Build.0 = Release|Any CPU
		{39203EE0-85BD-4FF6-B06B-7038A1936E3D}.Debug|Any CPU.ActiveCfg = Debug|Any CPU
		{39203EE0-85BD-4FF6-B06B-7038A1936E3D}.Debug|Any CPU.Build.0 = Debug|Any CPU
		{39203EE0-85BD-4FF6-B06B-7038A1936E3D}.Release|Any CPU.ActiveCfg = Release|Any CPU
		{39203EE0-85BD-4FF6-B06B-7038A1936E3D}.Release|Any CPU.Build.0 = Release|Any CPU
	EndGlobalSection
	GlobalSection(SolutionProperties) = preSolution
		HideSolutionNode = FALSE
	EndGlobalSection
	GlobalSection(ExtensibilityGlobals) = postSolution
		SolutionGuid = {96B79CE2-814B-41C2-9EC5-D08226519EA1}
	EndGlobalSection
EndGlobal
